// !$*UTF8*$!
{
	archiveVersion = 1;
	classes = {
	};
	objectVersion = 46;
	objects = {

/* Begin PBXBuildFile section */
		1574BB4F1EBC8A4600C5E31A /* TasksFilter.swift in Sources */ = {isa = PBXBuildFile; fileRef = 1574BB4E1EBC8A4600C5E31A /* TasksFilter.swift */; };
		1574BB511EBC8AFF00C5E31A /* TasksFilterAll.swift in Sources */ = {isa = PBXBuildFile; fileRef = 1574BB501EBC8AFF00C5E31A /* TasksFilterAll.swift */; };
		1574BB531EBCB55B00C5E31A /* TasksFilterToday.swift in Sources */ = {isa = PBXBuildFile; fileRef = 1574BB521EBCB55B00C5E31A /* TasksFilterToday.swift */; };
		1574BB551EBCBF6800C5E31A /* TasksFilterUpcomming.swift in Sources */ = {isa = PBXBuildFile; fileRef = 1574BB541EBCBF6800C5E31A /* TasksFilterUpcomming.swift */; };
		1574BB571EBD0BAB00C5E31A /* FiltersStack.swift in Sources */ = {isa = PBXBuildFile; fileRef = 1574BB561EBD0BAB00C5E31A /* FiltersStack.swift */; };
		1574BB591EBDB17E00C5E31A /* FiltersStackDelegate.swift in Sources */ = {isa = PBXBuildFile; fileRef = 1574BB581EBDB17E00C5E31A /* FiltersStackDelegate.swift */; };
		8429A6F41E827AA100097602 /* AppDelegate.swift in Sources */ = {isa = PBXBuildFile; fileRef = 8429A6F31E827AA100097602 /* AppDelegate.swift */; };
		8429A6F61E827AA100097602 /* TaskListViewController.swift in Sources */ = {isa = PBXBuildFile; fileRef = 8429A6F51E827AA100097602 /* TaskListViewController.swift */; };
		8429A6F91E827AA100097602 /* Main.storyboard in Resources */ = {isa = PBXBuildFile; fileRef = 8429A6F71E827AA100097602 /* Main.storyboard */; };
		8429A6FB1E827AA100097602 /* Assets.xcassets in Resources */ = {isa = PBXBuildFile; fileRef = 8429A6FA1E827AA100097602 /* Assets.xcassets */; };
		8429A6FE1E827AA100097602 /* LaunchScreen.storyboard in Resources */ = {isa = PBXBuildFile; fileRef = 8429A6FC1E827AA100097602 /* LaunchScreen.storyboard */; };
		8429A7091E827AA100097602 /* ToDoListTests.swift in Sources */ = {isa = PBXBuildFile; fileRef = 8429A7081E827AA100097602 /* ToDoListTests.swift */; };
		8429A7141E827F0600097602 /* Task.swift in Sources */ = {isa = PBXBuildFile; fileRef = 8429A7131E827F0600097602 /* Task.swift */; };
		846A5BCC1E8D593B0087A00C /* ToDoListContext.swift in Sources */ = {isa = PBXBuildFile; fileRef = 846A5BCB1E8D593B0087A00C /* ToDoListContext.swift */; };
		84824B3D1EAC7F5A00B227DA /* TaskEditViewController.swift in Sources */ = {isa = PBXBuildFile; fileRef = 84824B3C1EAC7F5A00B227DA /* TaskEditViewController.swift */; };
		84824B3F1EAC97C400B227DA /* SimpleTag.swift in Sources */ = {isa = PBXBuildFile; fileRef = 84824B3E1EAC97C400B227DA /* SimpleTag.swift */; };
		84EC62151EA288BD00C27CC8 /* DeletableTag.swift in Sources */ = {isa = PBXBuildFile; fileRef = 84EC62141EA288BD00C27CC8 /* DeletableTag.swift */; };
		84EC62171EA363BF00C27CC8 /* DeletableTagDelegate.swift in Sources */ = {isa = PBXBuildFile; fileRef = 84EC62161EA363BF00C27CC8 /* DeletableTagDelegate.swift */; };
		84EC62191EA48CD400C27CC8 /* TagConstructor.swift in Sources */ = {isa = PBXBuildFile; fileRef = 84EC62181EA48CD400C27CC8 /* TagConstructor.swift */; };
		84EC621B1EA4A5E800C27CC8 /* TagConstructorDelegate.swift in Sources */ = {isa = PBXBuildFile; fileRef = 84EC621A1EA4A5E800C27CC8 /* TagConstructorDelegate.swift */; };
		84EC621D1EA6851000C27CC8 /* SelectableCategory.swift in Sources */ = {isa = PBXBuildFile; fileRef = 84EC621C1EA6851000C27CC8 /* SelectableCategory.swift */; };
		84EC621F1EA7F66C00C27CC8 /* SelectableCategoryDelegate.swift in Sources */ = {isa = PBXBuildFile; fileRef = 84EC621E1EA7F66C00C27CC8 /* SelectableCategoryDelegate.swift */; };
		84ED1A471E8A8F56008FD53D /* Category.swift in Sources */ = {isa = PBXBuildFile; fileRef = 84ED1A461E8A8F56008FD53D /* Category.swift */; };
		84ED1A491E8A90C5008FD53D /* CategoriesViewController.swift in Sources */ = {isa = PBXBuildFile; fileRef = 84ED1A481E8A90C5008FD53D /* CategoriesViewController.swift */; };
		84ED1A4B1E8A98C2008FD53D /* CategoryViewCell.swift in Sources */ = {isa = PBXBuildFile; fileRef = 84ED1A4A1E8A98C2008FD53D /* CategoryViewCell.swift */; };
		84ED1A4D1E8BDFB6008FD53D /* CategoryViewController.swift in Sources */ = {isa = PBXBuildFile; fileRef = 84ED1A4C1E8BDFB6008FD53D /* CategoryViewController.swift */; };
		84F6ED791E8E976B00FDBAF5 /* TasksFiltersViewController.swift in Sources */ = {isa = PBXBuildFile; fileRef = 84F6ED781E8E976B00FDBAF5 /* TasksFiltersViewController.swift */; };
		84F6ED7B1E8ED1CC00FDBAF5 /* TaskViewController.swift in Sources */ = {isa = PBXBuildFile; fileRef = 84F6ED7A1E8ED1CC00FDBAF5 /* TaskViewController.swift */; };
		84F6ED7D1E92EB1200FDBAF5 /* DueDateViewController.swift in Sources */ = {isa = PBXBuildFile; fileRef = 84F6ED7C1E92EB1200FDBAF5 /* DueDateViewController.swift */; };
		84F6ED7F1E94146300FDBAF5 /* Helper.swift in Sources */ = {isa = PBXBuildFile; fileRef = 84F6ED7E1E94146300FDBAF5 /* Helper.swift */; };
		84F6ED811E9AD2B800FDBAF5 /* CategoryPick.swift in Sources */ = {isa = PBXBuildFile; fileRef = 84F6ED801E9AD2B800FDBAF5 /* CategoryPick.swift */; };
		84FF31191E82945500B43773 /* TaskListTableView.swift in Sources */ = {isa = PBXBuildFile; fileRef = 84FF31181E82945500B43773 /* TaskListTableView.swift */; };
		84FF311B1E82C48E00B43773 /* TaskTableViewCell.swift in Sources */ = {isa = PBXBuildFile; fileRef = 84FF311A1E82C48E00B43773 /* TaskTableViewCell.swift */; };
/* End PBXBuildFile section */

/* Begin PBXContainerItemProxy section */
		8429A7051E827AA100097602 /* PBXContainerItemProxy */ = {
			isa = PBXContainerItemProxy;
			containerPortal = 8429A6E81E827AA100097602 /* Project object */;
			proxyType = 1;
			remoteGlobalIDString = 8429A6EF1E827AA100097602;
			remoteInfo = ToDoList;
		};
/* End PBXContainerItemProxy section */

/* Begin PBXFileReference section */
		1574BB4E1EBC8A4600C5E31A /* TasksFilter.swift */ = {isa = PBXFileReference; fileEncoding = 4; lastKnownFileType = sourcecode.swift; path = TasksFilter.swift; sourceTree = "<group>"; };
		1574BB501EBC8AFF00C5E31A /* TasksFilterAll.swift */ = {isa = PBXFileReference; fileEncoding = 4; lastKnownFileType = sourcecode.swift; path = TasksFilterAll.swift; sourceTree = "<group>"; };
		1574BB521EBCB55B00C5E31A /* TasksFilterToday.swift */ = {isa = PBXFileReference; fileEncoding = 4; lastKnownFileType = sourcecode.swift; path = TasksFilterToday.swift; sourceTree = "<group>"; };
		1574BB541EBCBF6800C5E31A /* TasksFilterUpcomming.swift */ = {isa = PBXFileReference; fileEncoding = 4; lastKnownFileType = sourcecode.swift; path = TasksFilterUpcomming.swift; sourceTree = "<group>"; };
		1574BB561EBD0BAB00C5E31A /* FiltersStack.swift */ = {isa = PBXFileReference; fileEncoding = 4; lastKnownFileType = sourcecode.swift; path = FiltersStack.swift; sourceTree = "<group>"; };
		1574BB581EBDB17E00C5E31A /* FiltersStackDelegate.swift */ = {isa = PBXFileReference; fileEncoding = 4; lastKnownFileType = sourcecode.swift; path = FiltersStackDelegate.swift; sourceTree = "<group>"; };
		8429A6F01E827AA100097602 /* ToDoList.app */ = {isa = PBXFileReference; explicitFileType = wrapper.application; includeInIndex = 0; path = ToDoList.app; sourceTree = BUILT_PRODUCTS_DIR; };
		8429A6F31E827AA100097602 /* AppDelegate.swift */ = {isa = PBXFileReference; lastKnownFileType = sourcecode.swift; path = AppDelegate.swift; sourceTree = "<group>"; };
		8429A6F51E827AA100097602 /* TaskListViewController.swift */ = {isa = PBXFileReference; lastKnownFileType = sourcecode.swift; path = TaskListViewController.swift; sourceTree = "<group>"; };
		8429A6F81E827AA100097602 /* Base */ = {isa = PBXFileReference; lastKnownFileType = file.storyboard; name = Base; path = Base.lproj/Main.storyboard; sourceTree = "<group>"; };
		8429A6FA1E827AA100097602 /* Assets.xcassets */ = {isa = PBXFileReference; lastKnownFileType = folder.assetcatalog; path = Assets.xcassets; sourceTree = "<group>"; };
		8429A6FD1E827AA100097602 /* Base */ = {isa = PBXFileReference; lastKnownFileType = file.storyboard; name = Base; path = Base.lproj/LaunchScreen.storyboard; sourceTree = "<group>"; };
		8429A6FF1E827AA100097602 /* Info.plist */ = {isa = PBXFileReference; lastKnownFileType = text.plist.xml; path = Info.plist; sourceTree = "<group>"; };
		8429A7041E827AA100097602 /* ToDoListTests.xctest */ = {isa = PBXFileReference; explicitFileType = wrapper.cfbundle; includeInIndex = 0; path = ToDoListTests.xctest; sourceTree = BUILT_PRODUCTS_DIR; };
		8429A7081E827AA100097602 /* ToDoListTests.swift */ = {isa = PBXFileReference; lastKnownFileType = sourcecode.swift; path = ToDoListTests.swift; sourceTree = "<group>"; };
		8429A70A1E827AA100097602 /* Info.plist */ = {isa = PBXFileReference; lastKnownFileType = text.plist.xml; path = Info.plist; sourceTree = "<group>"; };
		8429A7131E827F0600097602 /* Task.swift */ = {isa = PBXFileReference; fileEncoding = 4; lastKnownFileType = sourcecode.swift; path = Task.swift; sourceTree = "<group>"; };
		846A5BCB1E8D593B0087A00C /* ToDoListContext.swift */ = {isa = PBXFileReference; fileEncoding = 4; lastKnownFileType = sourcecode.swift; path = ToDoListContext.swift; sourceTree = "<group>"; };
		84824B3C1EAC7F5A00B227DA /* TaskEditViewController.swift */ = {isa = PBXFileReference; fileEncoding = 4; lastKnownFileType = sourcecode.swift; path = TaskEditViewController.swift; sourceTree = "<group>"; };
		84824B3E1EAC97C400B227DA /* SimpleTag.swift */ = {isa = PBXFileReference; fileEncoding = 4; lastKnownFileType = sourcecode.swift; path = SimpleTag.swift; sourceTree = "<group>"; };
		84EC62141EA288BD00C27CC8 /* DeletableTag.swift */ = {isa = PBXFileReference; fileEncoding = 4; lastKnownFileType = sourcecode.swift; path = DeletableTag.swift; sourceTree = "<group>"; };
		84EC62161EA363BF00C27CC8 /* DeletableTagDelegate.swift */ = {isa = PBXFileReference; fileEncoding = 4; lastKnownFileType = sourcecode.swift; path = DeletableTagDelegate.swift; sourceTree = "<group>"; };
		84EC62181EA48CD400C27CC8 /* TagConstructor.swift */ = {isa = PBXFileReference; fileEncoding = 4; lastKnownFileType = sourcecode.swift; path = TagConstructor.swift; sourceTree = "<group>"; };
		84EC621A1EA4A5E800C27CC8 /* TagConstructorDelegate.swift */ = {isa = PBXFileReference; fileEncoding = 4; lastKnownFileType = sourcecode.swift; path = TagConstructorDelegate.swift; sourceTree = "<group>"; };
		84EC621C1EA6851000C27CC8 /* SelectableCategory.swift */ = {isa = PBXFileReference; fileEncoding = 4; lastKnownFileType = sourcecode.swift; path = SelectableCategory.swift; sourceTree = "<group>"; };
		84EC621E1EA7F66C00C27CC8 /* SelectableCategoryDelegate.swift */ = {isa = PBXFileReference; fileEncoding = 4; lastKnownFileType = sourcecode.swift; path = SelectableCategoryDelegate.swift; sourceTree = "<group>"; };
		84ED1A461E8A8F56008FD53D /* Category.swift */ = {isa = PBXFileReference; fileEncoding = 4; lastKnownFileType = sourcecode.swift; path = Category.swift; sourceTree = "<group>"; };
		84ED1A481E8A90C5008FD53D /* CategoriesViewController.swift */ = {isa = PBXFileReference; fileEncoding = 4; lastKnownFileType = sourcecode.swift; path = CategoriesViewController.swift; sourceTree = "<group>"; };
		84ED1A4A1E8A98C2008FD53D /* CategoryViewCell.swift */ = {isa = PBXFileReference; fileEncoding = 4; lastKnownFileType = sourcecode.swift; path = CategoryViewCell.swift; sourceTree = "<group>"; };
		84ED1A4C1E8BDFB6008FD53D /* CategoryViewController.swift */ = {isa = PBXFileReference; fileEncoding = 4; lastKnownFileType = sourcecode.swift; path = CategoryViewController.swift; sourceTree = "<group>"; };
		84F6ED781E8E976B00FDBAF5 /* TasksFiltersViewController.swift */ = {isa = PBXFileReference; fileEncoding = 4; lastKnownFileType = sourcecode.swift; path = TasksFiltersViewController.swift; sourceTree = "<group>"; };
		84F6ED7A1E8ED1CC00FDBAF5 /* TaskViewController.swift */ = {isa = PBXFileReference; fileEncoding = 4; lastKnownFileType = sourcecode.swift; path = TaskViewController.swift; sourceTree = "<group>"; };
		84F6ED7C1E92EB1200FDBAF5 /* DueDateViewController.swift */ = {isa = PBXFileReference; fileEncoding = 4; lastKnownFileType = sourcecode.swift; path = DueDateViewController.swift; sourceTree = "<group>"; };
		84F6ED7E1E94146300FDBAF5 /* Helper.swift */ = {isa = PBXFileReference; fileEncoding = 4; lastKnownFileType = sourcecode.swift; path = Helper.swift; sourceTree = "<group>"; };
		84F6ED801E9AD2B800FDBAF5 /* CategoryPick.swift */ = {isa = PBXFileReference; fileEncoding = 4; lastKnownFileType = sourcecode.swift; path = CategoryPick.swift; sourceTree = "<group>"; };
		84FF31181E82945500B43773 /* TaskListTableView.swift */ = {isa = PBXFileReference; fileEncoding = 4; lastKnownFileType = sourcecode.swift; path = TaskListTableView.swift; sourceTree = "<group>"; };
		84FF311A1E82C48E00B43773 /* TaskTableViewCell.swift */ = {isa = PBXFileReference; fileEncoding = 4; lastKnownFileType = sourcecode.swift; path = TaskTableViewCell.swift; sourceTree = "<group>"; };
/* End PBXFileReference section */

/* Begin PBXFrameworksBuildPhase section */
		8429A6ED1E827AA100097602 /* Frameworks */ = {
			isa = PBXFrameworksBuildPhase;
			buildActionMask = 2147483647;
			files = (
			);
			runOnlyForDeploymentPostprocessing = 0;
		};
		8429A7011E827AA100097602 /* Frameworks */ = {
			isa = PBXFrameworksBuildPhase;
			buildActionMask = 2147483647;
			files = (
			);
			runOnlyForDeploymentPostprocessing = 0;
		};
/* End PBXFrameworksBuildPhase section */

/* Begin PBXGroup section */
		8429A6E71E827AA100097602 = {
			isa = PBXGroup;
			children = (
				8429A6F21E827AA100097602 /* ToDoList */,
				8429A7071E827AA100097602 /* ToDoListTests */,
				8429A6F11E827AA100097602 /* Products */,
			);
			sourceTree = "<group>";
		};
		8429A6F11E827AA100097602 /* Products */ = {
			isa = PBXGroup;
			children = (
				8429A6F01E827AA100097602 /* ToDoList.app */,
				8429A7041E827AA100097602 /* ToDoListTests.xctest */,
			);
			name = Products;
			sourceTree = "<group>";
		};
		8429A6F21E827AA100097602 /* ToDoList */ = {
			isa = PBXGroup;
			children = (
				8429A6F31E827AA100097602 /* AppDelegate.swift */,
				8429A6F51E827AA100097602 /* TaskListViewController.swift */,
				8429A7131E827F0600097602 /* Task.swift */,
				84ED1A461E8A8F56008FD53D /* Category.swift */,
				84FF311A1E82C48E00B43773 /* TaskTableViewCell.swift */,
				84FF31181E82945500B43773 /* TaskListTableView.swift */,
				8429A6F71E827AA100097602 /* Main.storyboard */,
				8429A6FA1E827AA100097602 /* Assets.xcassets */,
				8429A6FC1E827AA100097602 /* LaunchScreen.storyboard */,
				8429A6FF1E827AA100097602 /* Info.plist */,
				84ED1A481E8A90C5008FD53D /* CategoriesViewController.swift */,
				84ED1A4A1E8A98C2008FD53D /* CategoryViewCell.swift */,
				84ED1A4C1E8BDFB6008FD53D /* CategoryViewController.swift */,
				846A5BCB1E8D593B0087A00C /* ToDoListContext.swift */,
				84F6ED781E8E976B00FDBAF5 /* TasksFiltersViewController.swift */,
				84F6ED7A1E8ED1CC00FDBAF5 /* TaskViewController.swift */,
				84F6ED7C1E92EB1200FDBAF5 /* DueDateViewController.swift */,
				84F6ED7E1E94146300FDBAF5 /* Helper.swift */,
				84F6ED801E9AD2B800FDBAF5 /* CategoryPick.swift */,
				84EC62141EA288BD00C27CC8 /* DeletableTag.swift */,
				84EC62161EA363BF00C27CC8 /* DeletableTagDelegate.swift */,
				84EC62181EA48CD400C27CC8 /* TagConstructor.swift */,
				84EC621A1EA4A5E800C27CC8 /* TagConstructorDelegate.swift */,
				84EC621C1EA6851000C27CC8 /* SelectableCategory.swift */,
				84EC621E1EA7F66C00C27CC8 /* SelectableCategoryDelegate.swift */,
				84824B3C1EAC7F5A00B227DA /* TaskEditViewController.swift */,
				84824B3E1EAC97C400B227DA /* SimpleTag.swift */,
				1574BB4E1EBC8A4600C5E31A /* TasksFilter.swift */,
				1574BB501EBC8AFF00C5E31A /* TasksFilterAll.swift */,
				1574BB521EBCB55B00C5E31A /* TasksFilterToday.swift */,
				1574BB541EBCBF6800C5E31A /* TasksFilterUpcomming.swift */,
				1574BB561EBD0BAB00C5E31A /* FiltersStack.swift */,
				1574BB581EBDB17E00C5E31A /* FiltersStackDelegate.swift */,
			);
			path = ToDoList;
			sourceTree = "<group>";
		};
		8429A7071E827AA100097602 /* ToDoListTests */ = {
			isa = PBXGroup;
			children = (
				8429A7081E827AA100097602 /* ToDoListTests.swift */,
				8429A70A1E827AA100097602 /* Info.plist */,
			);
			path = ToDoListTests;
			sourceTree = "<group>";
		};
/* End PBXGroup section */

/* Begin PBXNativeTarget section */
		8429A6EF1E827AA100097602 /* ToDoList */ = {
			isa = PBXNativeTarget;
			buildConfigurationList = 8429A70D1E827AA100097602 /* Build configuration list for PBXNativeTarget "ToDoList" */;
			buildPhases = (
				8429A6EC1E827AA100097602 /* Sources */,
				8429A6ED1E827AA100097602 /* Frameworks */,
				8429A6EE1E827AA100097602 /* Resources */,
			);
			buildRules = (
			);
			dependencies = (
			);
			name = ToDoList;
			productName = ToDoList;
			productReference = 8429A6F01E827AA100097602 /* ToDoList.app */;
			productType = "com.apple.product-type.application";
		};
		8429A7031E827AA100097602 /* ToDoListTests */ = {
			isa = PBXNativeTarget;
			buildConfigurationList = 8429A7101E827AA100097602 /* Build configuration list for PBXNativeTarget "ToDoListTests" */;
			buildPhases = (
				8429A7001E827AA100097602 /* Sources */,
				8429A7011E827AA100097602 /* Frameworks */,
				8429A7021E827AA100097602 /* Resources */,
			);
			buildRules = (
			);
			dependencies = (
				8429A7061E827AA100097602 /* PBXTargetDependency */,
			);
			name = ToDoListTests;
			productName = ToDoListTests;
			productReference = 8429A7041E827AA100097602 /* ToDoListTests.xctest */;
			productType = "com.apple.product-type.bundle.unit-test";
		};
/* End PBXNativeTarget section */

/* Begin PBXProject section */
		8429A6E81E827AA100097602 /* Project object */ = {
			isa = PBXProject;
			attributes = {
				LastSwiftUpdateCheck = 0820;
				LastUpgradeCheck = 0820;
				ORGANIZATIONNAME = Admin;
				TargetAttributes = {
					8429A6EF1E827AA100097602 = {
						CreatedOnToolsVersion = 8.2.1;
						DevelopmentTeam = C6HVJ64EDS;
						ProvisioningStyle = Automatic;
					};
					8429A7031E827AA100097602 = {
						CreatedOnToolsVersion = 8.2.1;
						DevelopmentTeam = C6HVJ64EDS;
						ProvisioningStyle = Automatic;
						TestTargetID = 8429A6EF1E827AA100097602;
					};
				};
			};
			buildConfigurationList = 8429A6EB1E827AA100097602 /* Build configuration list for PBXProject "ToDoList" */;
			compatibilityVersion = "Xcode 3.2";
			developmentRegion = English;
			hasScannedForEncodings = 0;
			knownRegions = (
				en,
				Base,
			);
			mainGroup = 8429A6E71E827AA100097602;
			productRefGroup = 8429A6F11E827AA100097602 /* Products */;
			projectDirPath = "";
			projectRoot = "";
			targets = (
				8429A6EF1E827AA100097602 /* ToDoList */,
				8429A7031E827AA100097602 /* ToDoListTests */,
			);
		};
/* End PBXProject section */

/* Begin PBXResourcesBuildPhase section */
		8429A6EE1E827AA100097602 /* Resources */ = {
			isa = PBXResourcesBuildPhase;
			buildActionMask = 2147483647;
			files = (
				8429A6FE1E827AA100097602 /* LaunchScreen.storyboard in Resources */,
				8429A6FB1E827AA100097602 /* Assets.xcassets in Resources */,
				8429A6F91E827AA100097602 /* Main.storyboard in Resources */,
			);
			runOnlyForDeploymentPostprocessing = 0;
		};
		8429A7021E827AA100097602 /* Resources */ = {
			isa = PBXResourcesBuildPhase;
			buildActionMask = 2147483647;
			files = (
			);
			runOnlyForDeploymentPostprocessing = 0;
		};
/* End PBXResourcesBuildPhase section */

/* Begin PBXSourcesBuildPhase section */
		8429A6EC1E827AA100097602 /* Sources */ = {
			isa = PBXSourcesBuildPhase;
			buildActionMask = 2147483647;
			files = (
				84824B3F1EAC97C400B227DA /* SimpleTag.swift in Sources */,
				84F6ED811E9AD2B800FDBAF5 /* CategoryPick.swift in Sources */,
				1574BB551EBCBF6800C5E31A /* TasksFilterUpcomming.swift in Sources */,
				84EC62171EA363BF00C27CC8 /* DeletableTagDelegate.swift in Sources */,
				8429A6F61E827AA100097602 /* TaskListViewController.swift in Sources */,
				1574BB591EBDB17E00C5E31A /* FiltersStackDelegate.swift in Sources */,
				1574BB4F1EBC8A4600C5E31A /* TasksFilter.swift in Sources */,
				84F6ED7F1E94146300FDBAF5 /* Helper.swift in Sources */,
				84FF31191E82945500B43773 /* TaskListTableView.swift in Sources */,
				1574BB571EBD0BAB00C5E31A /* FiltersStack.swift in Sources */,
				84EC62191EA48CD400C27CC8 /* TagConstructor.swift in Sources */,
				84ED1A4B1E8A98C2008FD53D /* CategoryViewCell.swift in Sources */,
				846A5BCC1E8D593B0087A00C /* ToDoListContext.swift in Sources */,
				1574BB531EBCB55B00C5E31A /* TasksFilterToday.swift in Sources */,
				84FF311B1E82C48E00B43773 /* TaskTableViewCell.swift in Sources */,
				84F6ED7B1E8ED1CC00FDBAF5 /* TaskViewController.swift in Sources */,
				84EC621F1EA7F66C00C27CC8 /* SelectableCategoryDelegate.swift in Sources */,
				8429A7141E827F0600097602 /* Task.swift in Sources */,
				8429A6F41E827AA100097602 /* AppDelegate.swift in Sources */,
				84F6ED791E8E976B00FDBAF5 /* TasksFiltersViewController.swift in Sources */,
				84EC621D1EA6851000C27CC8 /* SelectableCategory.swift in Sources */,
				84EC621B1EA4A5E800C27CC8 /* TagConstructorDelegate.swift in Sources */,
				1574BB511EBC8AFF00C5E31A /* TasksFilterAll.swift in Sources */,
				84EC62151EA288BD00C27CC8 /* DeletableTag.swift in Sources */,
				84ED1A491E8A90C5008FD53D /* CategoriesViewController.swift in Sources */,
				84ED1A4D1E8BDFB6008FD53D /* CategoryViewController.swift in Sources */,
				84F6ED7D1E92EB1200FDBAF5 /* DueDateViewController.swift in Sources */,
				84ED1A471E8A8F56008FD53D /* Category.swift in Sources */,
				84824B3D1EAC7F5A00B227DA /* TaskEditViewController.swift in Sources */,
			);
			runOnlyForDeploymentPostprocessing = 0;
		};
		8429A7001E827AA100097602 /* Sources */ = {
			isa = PBXSourcesBuildPhase;
			buildActionMask = 2147483647;
			files = (
				8429A7091E827AA100097602 /* ToDoListTests.swift in Sources */,
			);
			runOnlyForDeploymentPostprocessing = 0;
		};
/* End PBXSourcesBuildPhase section */

/* Begin PBXTargetDependency section */
		8429A7061E827AA100097602 /* PBXTargetDependency */ = {
			isa = PBXTargetDependency;
			target = 8429A6EF1E827AA100097602 /* ToDoList */;
			targetProxy = 8429A7051E827AA100097602 /* PBXContainerItemProxy */;
		};
/* End PBXTargetDependency section */

/* Begin PBXVariantGroup section */
		8429A6F71E827AA100097602 /* Main.storyboard */ = {
			isa = PBXVariantGroup;
			children = (
				8429A6F81E827AA100097602 /* Base */,
			);
			name = Main.storyboard;
			sourceTree = "<group>";
		};
		8429A6FC1E827AA100097602 /* LaunchScreen.storyboard */ = {
			isa = PBXVariantGroup;
			children = (
				8429A6FD1E827AA100097602 /* Base */,
			);
			name = LaunchScreen.storyboard;
			sourceTree = "<group>";
		};
/* End PBXVariantGroup section */

/* Begin XCBuildConfiguration section */
		8429A70B1E827AA100097602 /* Debug */ = {
			isa = XCBuildConfiguration;
			buildSettings = {
				ALWAYS_SEARCH_USER_PATHS = NO;
				CLANG_ANALYZER_NONNULL = YES;
				CLANG_CXX_LANGUAGE_STANDARD = "gnu++0x";
				CLANG_CXX_LIBRARY = "libc++";
				CLANG_ENABLE_MODULES = YES;
				CLANG_ENABLE_OBJC_ARC = YES;
				CLANG_WARN_BOOL_CONVERSION = YES;
				CLANG_WARN_CONSTANT_CONVERSION = YES;
				CLANG_WARN_DIRECT_OBJC_ISA_USAGE = YES_ERROR;
				CLANG_WARN_DOCUMENTATION_COMMENTS = YES;
				CLANG_WARN_EMPTY_BODY = YES;
				CLANG_WARN_ENUM_CONVERSION = YES;
				CLANG_WARN_INFINITE_RECURSION = YES;
				CLANG_WARN_INT_CONVERSION = YES;
				CLANG_WARN_OBJC_ROOT_CLASS = YES_ERROR;
				CLANG_WARN_SUSPICIOUS_MOVE = YES;
				CLANG_WARN_UNREACHABLE_CODE = YES;
				CLANG_WARN__DUPLICATE_METHOD_MATCH = YES;
				"CODE_SIGN_IDENTITY[sdk=iphoneos*]" = "iPhone Developer";
				COPY_PHASE_STRIP = NO;
				DEBUG_INFORMATION_FORMAT = dwarf;
				ENABLE_STRICT_OBJC_MSGSEND = YES;
				ENABLE_TESTABILITY = YES;
				GCC_C_LANGUAGE_STANDARD = gnu99;
				GCC_DYNAMIC_NO_PIC = NO;
				GCC_NO_COMMON_BLOCKS = YES;
				GCC_OPTIMIZATION_LEVEL = 0;
				GCC_PREPROCESSOR_DEFINITIONS = (
					"DEBUG=1",
					"$(inherited)",
				);
				GCC_WARN_64_TO_32_BIT_CONVERSION = YES;
				GCC_WARN_ABOUT_RETURN_TYPE = YES_ERROR;
				GCC_WARN_UNDECLARED_SELECTOR = YES;
				GCC_WARN_UNINITIALIZED_AUTOS = YES_AGGRESSIVE;
				GCC_WARN_UNUSED_FUNCTION = YES;
				GCC_WARN_UNUSED_VARIABLE = YES;
				IPHONEOS_DEPLOYMENT_TARGET = 10.2;
				MTL_ENABLE_DEBUG_INFO = YES;
				ONLY_ACTIVE_ARCH = YES;
				SDKROOT = iphoneos;
				SWIFT_ACTIVE_COMPILATION_CONDITIONS = DEBUG;
				SWIFT_OPTIMIZATION_LEVEL = "-Onone";
				TARGETED_DEVICE_FAMILY = "1,2";
			};
			name = Debug;
		};
		8429A70C1E827AA100097602 /* Release */ = {
			isa = XCBuildConfiguration;
			buildSettings = {
				ALWAYS_SEARCH_USER_PATHS = NO;
				CLANG_ANALYZER_NONNULL = YES;
				CLANG_CXX_LANGUAGE_STANDARD = "gnu++0x";
				CLANG_CXX_LIBRARY = "libc++";
				CLANG_ENABLE_MODULES = YES;
				CLANG_ENABLE_OBJC_ARC = YES;
				CLANG_WARN_BOOL_CONVERSION = YES;
				CLANG_WARN_CONSTANT_CONVERSION = YES;
				CLANG_WARN_DIRECT_OBJC_ISA_USAGE = YES_ERROR;
				CLANG_WARN_DOCUMENTATION_COMMENTS = YES;
				CLANG_WARN_EMPTY_BODY = YES;
				CLANG_WARN_ENUM_CONVERSION = YES;
				CLANG_WARN_INFINITE_RECURSION = YES;
				CLANG_WARN_INT_CONVERSION = YES;
				CLANG_WARN_OBJC_ROOT_CLASS = YES_ERROR;
				CLANG_WARN_SUSPICIOUS_MOVE = YES;
				CLANG_WARN_UNREACHABLE_CODE = YES;
				CLANG_WARN__DUPLICATE_METHOD_MATCH = YES;
				"CODE_SIGN_IDENTITY[sdk=iphoneos*]" = "iPhone Developer";
				COPY_PHASE_STRIP = NO;
				DEBUG_INFORMATION_FORMAT = "dwarf-with-dsym";
				ENABLE_NS_ASSERTIONS = NO;
				ENABLE_STRICT_OBJC_MSGSEND = YES;
				GCC_C_LANGUAGE_STANDARD = gnu99;
				GCC_NO_COMMON_BLOCKS = YES;
				GCC_WARN_64_TO_32_BIT_CONVERSION = YES;
				GCC_WARN_ABOUT_RETURN_TYPE = YES_ERROR;
				GCC_WARN_UNDECLARED_SELECTOR = YES;
				GCC_WARN_UNINITIALIZED_AUTOS = YES_AGGRESSIVE;
				GCC_WARN_UNUSED_FUNCTION = YES;
				GCC_WARN_UNUSED_VARIABLE = YES;
				IPHONEOS_DEPLOYMENT_TARGET = 10.2;
				MTL_ENABLE_DEBUG_INFO = NO;
				SDKROOT = iphoneos;
				SWIFT_OPTIMIZATION_LEVEL = "-Owholemodule";
				TARGETED_DEVICE_FAMILY = "1,2";
				VALIDATE_PRODUCT = YES;
			};
			name = Release;
		};
		8429A70E1E827AA100097602 /* Debug */ = {
			isa = XCBuildConfiguration;
			buildSettings = {
				ASSETCATALOG_COMPILER_APPICON_NAME = AppIcon;
				"CODE_SIGN_IDENTITY[sdk=iphoneos*]" = "iPhone Developer";
				DEVELOPMENT_TEAM = C6HVJ64EDS;
				INFOPLIST_FILE = ToDoList/Info.plist;
				IPHONEOS_DEPLOYMENT_TARGET = 10.3;
				LD_RUNPATH_SEARCH_PATHS = "$(inherited) @executable_path/Frameworks";
				PRODUCT_BUNDLE_IDENTIFIER = com.example;
				PRODUCT_NAME = "$(TARGET_NAME)";
				SWIFT_VERSION = 3.0;
				TARGETED_DEVICE_FAMILY = 1;
			};
			name = Debug;
		};
		8429A70F1E827AA100097602 /* Release */ = {
			isa = XCBuildConfiguration;
			buildSettings = {
				ASSETCATALOG_COMPILER_APPICON_NAME = AppIcon;
				"CODE_SIGN_IDENTITY[sdk=iphoneos*]" = "iPhone Developer";
				DEVELOPMENT_TEAM = C6HVJ64EDS;
				INFOPLIST_FILE = ToDoList/Info.plist;
				IPHONEOS_DEPLOYMENT_TARGET = 10.3;
				LD_RUNPATH_SEARCH_PATHS = "$(inherited) @executable_path/Frameworks";
				PRODUCT_BUNDLE_IDENTIFIER = com.example;
				PRODUCT_NAME = "$(TARGET_NAME)";
				SWIFT_VERSION = 3.0;
				TARGETED_DEVICE_FAMILY = 1;
			};
			name = Release;
		};
		8429A7111E827AA100097602 /* Debug */ = {
			isa = XCBuildConfiguration;
			buildSettings = {
				ALWAYS_EMBED_SWIFT_STANDARD_LIBRARIES = YES;
				BUNDLE_LOADER = "$(TEST_HOST)";
				DEVELOPMENT_TEAM = C6HVJ64EDS;
				INFOPLIST_FILE = ToDoListTests/Info.plist;
				LD_RUNPATH_SEARCH_PATHS = "$(inherited) @executable_path/Frameworks @loader_path/Frameworks";
				PRODUCT_BUNDLE_IDENTIFIER = com.example.ToDoListTests;
				PRODUCT_NAME = "$(TARGET_NAME)";
				SWIFT_VERSION = 3.0;
				TEST_HOST = "$(BUILT_PRODUCTS_DIR)/ToDoList.app/ToDoList";
			};
			name = Debug;
		};
		8429A7121E827AA100097602 /* Release */ = {
			isa = XCBuildConfiguration;
			buildSettings = {
				ALWAYS_EMBED_SWIFT_STANDARD_LIBRARIES = YES;
				BUNDLE_LOADER = "$(TEST_HOST)";
				DEVELOPMENT_TEAM = C6HVJ64EDS;
				INFOPLIST_FILE = ToDoListTests/Info.plist;
				LD_RUNPATH_SEARCH_PATHS = "$(inherited) @executable_path/Frameworks @loader_path/Frameworks";
				PRODUCT_BUNDLE_IDENTIFIER = com.example.ToDoListTests;
				PRODUCT_NAME = "$(TARGET_NAME)";
				SWIFT_VERSION = 3.0;
				TEST_HOST = "$(BUILT_PRODUCTS_DIR)/ToDoList.app/ToDoList";
			};
			name = Release;
		};
/* End XCBuildConfiguration section */

/* Begin XCConfigurationList section */
		8429A6EB1E827AA100097602 /* Build configuration list for PBXProject "ToDoList" */ = {
			isa = XCConfigurationList;
			buildConfigurations = (
				8429A70B1E827AA100097602 /* Debug */,
				8429A70C1E827AA100097602 /* Release */,
			);
			defaultConfigurationIsVisible = 0;
			defaultConfigurationName = Release;
		};
		8429A70D1E827AA100097602 /* Build configuration list for PBXNativeTarget "ToDoList" */ = {
			isa = XCConfigurationList;
			buildConfigurations = (
				8429A70E1E827AA100097602 /* Debug */,
				8429A70F1E827AA100097602 /* Release */,
			);
			defaultConfigurationIsVisible = 0;
			defaultConfigurationName = Release;
		};
		8429A7101E827AA100097602 /* Build configuration list for PBXNativeTarget "ToDoListTests" */ = {
			isa = XCConfigurationList;
			buildConfigurations = (
				8429A7111E827AA100097602 /* Debug */,
				8429A7121E827AA100097602 /* Release */,
			);
			defaultConfigurationIsVisible = 0;
			defaultConfigurationName = Release;
		};
/* End XCConfigurationList section */
	};
	rootObject = 8429A6E81E827AA100097602 /* Project object */;
}
